
Microsoft Visual Studio Solution File, Format Version 12.00
# Visual Studio Version 17
VisualStudioVersion = 17.14.36414.22 d17.14
MinimumVisualStudioVersion = 10.0.40219.1
Project("{FAE04EC0-301F-11D3-BF4B-00C04F79EFBC}") = "QuanLyNhaHang", "QuanLyNhaHang\QuanLyNhaHang.csproj", "{BB53C076-8763-49E0-969E-50614BBEA464}"
EndProject
Global
	GlobalSection(SolutionConfigurationPlatforms) = preSolution
		Debug|Any CPU = Debug|Any CPU
		Release|Any CPU = Release|Any CPU
	EndGlobalSection
	GlobalSection(ProjectConfigurationPlatforms) = postSolution
		{BB53C076-8763-49E0-969E-50614BBEA464}.Debug|Any CPU.ActiveCfg = Debug|Any CPU
		{BB53C076-8763-49E0-969E-50614BBEA464}.Debug|Any CPU.Build.0 = Debug|Any CPU
		{BB53C076-8763-49E0-969E-50614BBEA464}.Release|Any CPU.ActiveCfg = Release|Any CPU
		{BB53C076-8763-49E0-969E-50614BBEA464}.Release|Any CPU.Build.0 = Release|Any CPU
	EndGlobalSection
	GlobalSection(SolutionProperties) = preSolution
		HideSolutionNode = FALSE
	EndGlobalSection
	GlobalSection(ExtensibilityGlobals) = postSolution
		SolutionGuid = {BDDFB00E-DEB2-40D6-9F15-F263489E9A12}
	EndGlobalSection
EndGlobal
